
Microsoft Visual Studio Solution File, Format Version 12.00
# Visual Studio Version 16
VisualStudioVersion = 16.0.29306.81
MinimumVisualStudioVersion = 10.0.40219.1
Project("{FAE04EC0-301F-11D3-BF4B-00C04F79EFBC}") = "TesteCliente", "TesteCliente\TesteCliente.csproj", "{237137F2-1120-43BF-AAD0-B609167AD6E2}"
EndProject
Global
	GlobalSection(SolutionConfigurationPlatforms) = preSolution
		Debug|Any CPU = Debug|Any CPU
		Release|Any CPU = Release|Any CPU
	EndGlobalSection
	GlobalSection(ProjectConfigurationPlatforms) = postSolution
		{237137F2-1120-43BF-AAD0-B609167AD6E2}.Debug|Any CPU.ActiveCfg = Debug|Any CPU
		{237137F2-1120-43BF-AAD0-B609167AD6E2}.Debug|Any CPU.Build.0 = Debug|Any CPU
		{237137F2-1120-43BF-AAD0-B609167AD6E2}.Release|Any CPU.ActiveCfg = Release|Any CPU
		{237137F2-1120-43BF-AAD0-B609167AD6E2}.Release|Any CPU.Build.0 = Release|Any CPU
	EndGlobalSection
	GlobalSection(SolutionProperties) = preSolution
		HideSolutionNode = FALSE
	EndGlobalSection
	GlobalSection(ExtensibilityGlobals) = postSolution
		SolutionGuid = {83B18A26-D5AA-47B2-9BEB-CC795A50FEA9}
	EndGlobalSection
EndGlobal
